// !$*UTF8*$!
{
	archiveVersion = 1;
	classes = {
	};
	objectVersion = 56;
	objects = {

/* Begin PBXBuildFile section */
		3304A9D82996755300490D64 /* AppDelegate.swift in Sources */ = {isa = PBXBuildFile; fileRef = 3304A9D72996755300490D64 /* AppDelegate.swift */; };
		3304A9DA2996755300490D64 /* SceneDelegate.swift in Sources */ = {isa = PBXBuildFile; fileRef = 3304A9D92996755300490D64 /* SceneDelegate.swift */; };
		3304A9DC2996755300490D64 /* ViewController.swift in Sources */ = {isa = PBXBuildFile; fileRef = 3304A9DB2996755300490D64 /* ViewController.swift */; };
		3304A9DF2996755300490D64 /* Main.storyboard in Resources */ = {isa = PBXBuildFile; fileRef = 3304A9DD2996755300490D64 /* Main.storyboard */; };
		3304A9E22996755300490D64 /* VeraCaseProject.xcdatamodeld in Sources */ = {isa = PBXBuildFile; fileRef = 3304A9E02996755300490D64 /* VeraCaseProject.xcdatamodeld */; };
		3304A9E42996755400490D64 /* Assets.xcassets in Resources */ = {isa = PBXBuildFile; fileRef = 3304A9E32996755400490D64 /* Assets.xcassets */; };
		3304A9E72996755400490D64 /* LaunchScreen.storyboard in Resources */ = {isa = PBXBuildFile; fileRef = 3304A9E52996755400490D64 /* LaunchScreen.storyboard */; };
		3304A9F22996755500490D64 /* VeraCaseProjectTests.swift in Sources */ = {isa = PBXBuildFile; fileRef = 3304A9F12996755500490D64 /* VeraCaseProjectTests.swift */; };
		3304A9FC2996755500490D64 /* VeraCaseProjectUITests.swift in Sources */ = {isa = PBXBuildFile; fileRef = 3304A9FB2996755500490D64 /* VeraCaseProjectUITests.swift */; };
		3304A9FE2996755500490D64 /* VeraCaseProjectUITestsLaunchTests.swift in Sources */ = {isa = PBXBuildFile; fileRef = 3304A9FD2996755500490D64 /* VeraCaseProjectUITestsLaunchTests.swift */; };
/* End PBXBuildFile section */

/* Begin PBXContainerItemProxy section */
		3304A9EE2996755500490D64 /* PBXContainerItemProxy */ = {
			isa = PBXContainerItemProxy;
			containerPortal = 3304A9CC2996755300490D64 /* Project object */;
			proxyType = 1;
			remoteGlobalIDString = 3304A9D32996755300490D64;
			remoteInfo = VeraCaseProject;
		};
		3304A9F82996755500490D64 /* PBXContainerItemProxy */ = {
			isa = PBXContainerItemProxy;
			containerPortal = 3304A9CC2996755300490D64 /* Project object */;
			proxyType = 1;
			remoteGlobalIDString = 3304A9D32996755300490D64;
			remoteInfo = VeraCaseProject;
		};
/* End PBXContainerItemProxy section */

/* Begin PBXFileReference section */
		3304A9D42996755300490D64 /* VeraCaseProject.app */ = {isa = PBXFileReference; explicitFileType = wrapper.application; includeInIndex = 0; path = VeraCaseProject.app; sourceTree = BUILT_PRODUCTS_DIR; };
		3304A9D72996755300490D64 /* AppDelegate.swift */ = {isa = PBXFileReference; lastKnownFileType = sourcecode.swift; path = AppDelegate.swift; sourceTree = "<group>"; };
		3304A9D92996755300490D64 /* SceneDelegate.swift */ = {isa = PBXFileReference; lastKnownFileType = sourcecode.swift; path = SceneDelegate.swift; sourceTree = "<group>"; };
		3304A9DB2996755300490D64 /* ViewController.swift */ = {isa = PBXFileReference; lastKnownFileType = sourcecode.swift; path = ViewController.swift; sourceTree = "<group>"; };
		3304A9DE2996755300490D64 /* Base */ = {isa = PBXFileReference; lastKnownFileType = file.storyboard; name = Base; path = Base.lproj/Main.storyboard; sourceTree = "<group>"; };
		3304A9E12996755300490D64 /* VeraCaseProject.xcdatamodel */ = {isa = PBXFileReference; lastKnownFileType = wrapper.xcdatamodel; path = VeraCaseProject.xcdatamodel; sourceTree = "<group>"; };
		3304A9E32996755400490D64 /* Assets.xcassets */ = {isa = PBXFileReference; lastKnownFileType = folder.assetcatalog; path = Assets.xcassets; sourceTree = "<group>"; };
		3304A9E62996755400490D64 /* Base */ = {isa = PBXFileReference; lastKnownFileType = file.storyboard; name = Base; path = Base.lproj/LaunchScreen.storyboard; sourceTree = "<group>"; };
		3304A9E82996755400490D64 /* Info.plist */ = {isa = PBXFileReference; lastKnownFileType = text.plist.xml; path = Info.plist; sourceTree = "<group>"; };
		3304A9ED2996755500490D64 /* VeraCaseProjectTests.xctest */ = {isa = PBXFileReference; explicitFileType = wrapper.cfbundle; includeInIndex = 0; path = VeraCaseProjectTests.xctest; sourceTree = BUILT_PRODUCTS_DIR; };
		3304A9F12996755500490D64 /* VeraCaseProjectTests.swift */ = {isa = PBXFileReference; lastKnownFileType = sourcecode.swift; path = VeraCaseProjectTests.swift; sourceTree = "<group>"; };
		3304A9F72996755500490D64 /* VeraCaseProjectUITests.xctest */ = {isa = PBXFileReference; explicitFileType = wrapper.cfbundle; includeInIndex = 0; path = VeraCaseProjectUITests.xctest; sourceTree = BUILT_PRODUCTS_DIR; };
		3304A9FB2996755500490D64 /* VeraCaseProjectUITests.swift */ = {isa = PBXFileReference; lastKnownFileType = sourcecode.swift; path = VeraCaseProjectUITests.swift; sourceTree = "<group>"; };
		3304A9FD2996755500490D64 /* VeraCaseProjectUITestsLaunchTests.swift */ = {isa = PBXFileReference; lastKnownFileType = sourcecode.swift; path = VeraCaseProjectUITestsLaunchTests.swift; sourceTree = "<group>"; };
/* End PBXFileReference section */

/* Begin PBXFrameworksBuildPhase section */
		3304A9D12996755300490D64 /* Frameworks */ = {
			isa = PBXFrameworksBuildPhase;
			buildActionMask = 2147483647;
			files = (
			);
			runOnlyForDeploymentPostprocessing = 0;
		};
		3304A9EA2996755500490D64 /* Frameworks */ = {
			isa = PBXFrameworksBuildPhase;
			buildActionMask = 2147483647;
			files = (
			);
			runOnlyForDeploymentPostprocessing = 0;
		};
		3304A9F42996755500490D64 /* Frameworks */ = {
			isa = PBXFrameworksBuildPhase;
			buildActionMask = 2147483647;
			files = (
			);
			runOnlyForDeploymentPostprocessing = 0;
		};
/* End PBXFrameworksBuildPhase section */

/* Begin PBXGroup section */
		3304A9CB2996755300490D64 = {
			isa = PBXGroup;
			children = (
				3304A9D62996755300490D64 /* VeraCaseProject */,
				3304A9F02996755500490D64 /* VeraCaseProjectTests */,
				3304A9FA2996755500490D64 /* VeraCaseProjectUITests */,
				3304A9D52996755300490D64 /* Products */,
			);
			sourceTree = "<group>";
		};
		3304A9D52996755300490D64 /* Products */ = {
			isa = PBXGroup;
			children = (
				3304A9D42996755300490D64 /* VeraCaseProject.app */,
				3304A9ED2996755500490D64 /* VeraCaseProjectTests.xctest */,
				3304A9F72996755500490D64 /* VeraCaseProjectUITests.xctest */,
			);
			name = Products;
			sourceTree = "<group>";
		};
		3304A9D62996755300490D64 /* VeraCaseProject */ = {
			isa = PBXGroup;
			children = (
				3304A9D72996755300490D64 /* AppDelegate.swift */,
				3304A9D92996755300490D64 /* SceneDelegate.swift */,
				3304A9DB2996755300490D64 /* ViewController.swift */,
				3304A9DD2996755300490D64 /* Main.storyboard */,
				3304A9E32996755400490D64 /* Assets.xcassets */,
				3304A9E52996755400490D64 /* LaunchScreen.storyboard */,
				3304A9E82996755400490D64 /* Info.plist */,
				3304A9E02996755300490D64 /* VeraCaseProject.xcdatamodeld */,
			);
			path = VeraCaseProject;
			sourceTree = "<group>";
		};
		3304A9F02996755500490D64 /* VeraCaseProjectTests */ = {
			isa = PBXGroup;
			children = (
				3304A9F12996755500490D64 /* VeraCaseProjectTests.swift */,
			);
			path = VeraCaseProjectTests;
			sourceTree = "<group>";
		};
		3304A9FA2996755500490D64 /* VeraCaseProjectUITests */ = {
			isa = PBXGroup;
			children = (
				3304A9FB2996755500490D64 /* VeraCaseProjectUITests.swift */,
				3304A9FD2996755500490D64 /* VeraCaseProjectUITestsLaunchTests.swift */,
			);
			path = VeraCaseProjectUITests;
			sourceTree = "<group>";
		};
/* End PBXGroup section */

/* Begin PBXNativeTarget section */
		3304A9D32996755300490D64 /* VeraCaseProject */ = {
			isa = PBXNativeTarget;
			buildConfigurationList = 3304AA012996755500490D64 /* Build configuration list for PBXNativeTarget "VeraCaseProject" */;
			buildPhases = (
				3304A9D02996755300490D64 /* Sources */,
				3304A9D12996755300490D64 /* Frameworks */,
				3304A9D22996755300490D64 /* Resources */,
			);
			buildRules = (
			);
			dependencies = (
			);
			name = VeraCaseProject;
			productName = VeraCaseProject;
			productReference = 3304A9D42996755300490D64 /* VeraCaseProject.app */;
			productType = "com.apple.product-type.application";
		};
		3304A9EC2996755500490D64 /* VeraCaseProjectTests */ = {
			isa = PBXNativeTarget;
			buildConfigurationList = 3304AA042996755500490D64 /* Build configuration list for PBXNativeTarget "VeraCaseProjectTests" */;
			buildPhases = (
				3304A9E92996755500490D64 /* Sources */,
				3304A9EA2996755500490D64 /* Frameworks */,
				3304A9EB2996755500490D64 /* Resources */,
			);
			buildRules = (
			);
			dependencies = (
				3304A9EF2996755500490D64 /* PBXTargetDependency */,
			);
			name = VeraCaseProjectTests;
			productName = VeraCaseProjectTests;
			productReference = 3304A9ED2996755500490D64 /* VeraCaseProjectTests.xctest */;
			productType = "com.apple.product-type.bundle.unit-test";
		};
		3304A9F62996755500490D64 /* VeraCaseProjectUITests */ = {
			isa = PBXNativeTarget;
			buildConfigurationList = 3304AA072996755500490D64 /* Build configuration list for PBXNativeTarget "VeraCaseProjectUITests" */;
			buildPhases = (
				3304A9F32996755500490D64 /* Sources */,
				3304A9F42996755500490D64 /* Frameworks */,
				3304A9F52996755500490D64 /* Resources */,
			);
			buildRules = (
			);
			dependencies = (
				3304A9F92996755500490D64 /* PBXTargetDependency */,
			);
			name = VeraCaseProjectUITests;
			productName = VeraCaseProjectUITests;
			productReference = 3304A9F72996755500490D64 /* VeraCaseProjectUITests.xctest */;
			productType = "com.apple.product-type.bundle.ui-testing";
		};
/* End PBXNativeTarget section */

/* Begin PBXProject section */
		3304A9CC2996755300490D64 /* Project object */ = {
			isa = PBXProject;
			attributes = {
				BuildIndependentTargetsInParallel = 1;
				LastSwiftUpdateCheck = 1400;
				LastUpgradeCheck = 1400;
				TargetAttributes = {
					3304A9D32996755300490D64 = {
						CreatedOnToolsVersion = 14.0.1;
					};
					3304A9EC2996755500490D64 = {
						CreatedOnToolsVersion = 14.0.1;
						TestTargetID = 3304A9D32996755300490D64;
					};
					3304A9F62996755500490D64 = {
						CreatedOnToolsVersion = 14.0.1;
						TestTargetID = 3304A9D32996755300490D64;
					};
				};
			};
			buildConfigurationList = 3304A9CF2996755300490D64 /* Build configuration list for PBXProject "VeraCaseProject" */;
			compatibilityVersion = "Xcode 14.0";
			developmentRegion = en;
			hasScannedForEncodings = 0;
			knownRegions = (
				en,
				Base,
			);
			mainGroup = 3304A9CB2996755300490D64;
			productRefGroup = 3304A9D52996755300490D64 /* Products */;
			projectDirPath = "";
			projectRoot = "";
			targets = (
				3304A9D32996755300490D64 /* VeraCaseProject */,
				3304A9EC2996755500490D64 /* VeraCaseProjectTests */,
				3304A9F62996755500490D64 /* VeraCaseProjectUITests */,
			);
		};
/* End PBXProject section */

/* Begin PBXResourcesBuildPhase section */
		3304A9D22996755300490D64 /* Resources */ = {
			isa = PBXResourcesBuildPhase;
			buildActionMask = 2147483647;
			files = (
				3304A9E72996755400490D64 /* LaunchScreen.storyboard in Resources */,
				3304A9E42996755400490D64 /* Assets.xcassets in Resources */,
				3304A9DF2996755300490D64 /* Main.storyboard in Resources */,
			);
			runOnlyForDeploymentPostprocessing = 0;
		};
		3304A9EB2996755500490D64 /* Resources */ = {
			isa = PBXResourcesBuildPhase;
			buildActionMask = 2147483647;
			files = (
			);
			runOnlyForDeploymentPostprocessing = 0;
		};
		3304A9F52996755500490D64 /* Resources */ = {
			isa = PBXResourcesBuildPhase;
			buildActionMask = 2147483647;
			files = (
			);
			runOnlyForDeploymentPostprocessing = 0;
		};
/* End PBXResourcesBuildPhase section */

/* Begin PBXSourcesBuildPhase section */
		3304A9D02996755300490D64 /* Sources */ = {
			isa = PBXSourcesBuildPhase;
			buildActionMask = 2147483647;
			files = (
				3304A9DC2996755300490D64 /* ViewController.swift in Sources */,
				3304A9E22996755300490D64 /* VeraCaseProject.xcdatamodeld in Sources */,
				3304A9D82996755300490D64 /* AppDelegate.swift in Sources */,
				3304A9DA2996755300490D64 /* SceneDelegate.swift in Sources */,
			);
			runOnlyForDeploymentPostprocessing = 0;
		};
		3304A9E92996755500490D64 /* Sources */ = {
			isa = PBXSourcesBuildPhase;
			buildActionMask = 2147483647;
			files = (
				3304A9F22996755500490D64 /* VeraCaseProjectTests.swift in Sources */,
			);
			runOnlyForDeploymentPostprocessing = 0;
		};
		3304A9F32996755500490D64 /* Sources */ = {
			isa = PBXSourcesBuildPhase;
			buildActionMask = 2147483647;
			files = (
				3304A9FE2996755500490D64 /* VeraCaseProjectUITestsLaunchTests.swift in Sources */,
				3304A9FC2996755500490D64 /* VeraCaseProjectUITests.swift in Sources */,
			);
			runOnlyForDeploymentPostprocessing = 0;
		};
/* End PBXSourcesBuildPhase section */

/* Begin PBXTargetDependency section */
		3304A9EF2996755500490D64 /* PBXTargetDependency */ = {
			isa = PBXTargetDependency;
			target = 3304A9D32996755300490D64 /* VeraCaseProject */;
			targetProxy = 3304A9EE2996755500490D64 /* PBXContainerItemProxy */;
		};
		3304A9F92996755500490D64 /* PBXTargetDependency */ = {
			isa = PBXTargetDependency;
			target = 3304A9D32996755300490D64 /* VeraCaseProject */;
			targetProxy = 3304A9F82996755500490D64 /* PBXContainerItemProxy */;
		};
/* End PBXTargetDependency section */

/* Begin PBXVariantGroup section */
		3304A9DD2996755300490D64 /* Main.storyboard */ = {
			isa = PBXVariantGroup;
			children = (
				3304A9DE2996755300490D64 /* Base */,
			);
			name = Main.storyboard;
			sourceTree = "<group>";
		};
		3304A9E52996755400490D64 /* LaunchScreen.storyboard */ = {
			isa = PBXVariantGroup;
			children = (
				3304A9E62996755400490D64 /* Base */,
			);
			name = LaunchScreen.storyboard;
			sourceTree = "<group>";
		};
/* End PBXVariantGroup section */

/* Begin XCBuildConfiguration section */
		3304A9FF2996755500490D64 /* Debug */ = {
			isa = XCBuildConfiguration;
			buildSettings = {
				ALWAYS_SEARCH_USER_PATHS = NO;
				CLANG_ANALYZER_NONNULL = YES;
				CLANG_ANALYZER_NUMBER_OBJECT_CONVERSION = YES_AGGRESSIVE;
				CLANG_CXX_LANGUAGE_STANDARD = "gnu++20";
				CLANG_ENABLE_MODULES = YES;
				CLANG_ENABLE_OBJC_ARC = YES;
				CLANG_ENABLE_OBJC_WEAK = YES;
				CLANG_WARN_BLOCK_CAPTURE_AUTORELEASING = YES;
				CLANG_WARN_BOOL_CONVERSION = YES;
				CLANG_WARN_COMMA = YES;
				CLANG_WARN_CONSTANT_CONVERSION = YES;
				CLANG_WARN_DEPRECATED_OBJC_IMPLEMENTATIONS = YES;
				CLANG_WARN_DIRECT_OBJC_ISA_USAGE = YES_ERROR;
				CLANG_WARN_DOCUMENTATION_COMMENTS = YES;
				CLANG_WARN_EMPTY_BODY = YES;
				CLANG_WARN_ENUM_CONVERSION = YES;
				CLANG_WARN_INFINITE_RECURSION = YES;
				CLANG_WARN_INT_CONVERSION = YES;
				CLANG_WARN_NON_LITERAL_NULL_CONVERSION = YES;
				CLANG_WARN_OBJC_IMPLICIT_RETAIN_SELF = YES;
				CLANG_WARN_OBJC_LITERAL_CONVERSION = YES;
				CLANG_WARN_OBJC_ROOT_CLASS = YES_ERROR;
				CLANG_WARN_QUOTED_INCLUDE_IN_FRAMEWORK_HEADER = YES;
				CLANG_WARN_RANGE_LOOP_ANALYSIS = YES;
				CLANG_WARN_STRICT_PROTOTYPES = YES;
				CLANG_WARN_SUSPICIOUS_MOVE = YES;
				CLANG_WARN_UNGUARDED_AVAILABILITY = YES_AGGRESSIVE;
				CLANG_WARN_UNREACHABLE_CODE = YES;
				CLANG_WARN__DUPLICATE_METHOD_MATCH = YES;
				COPY_PHASE_STRIP = NO;
				DEBUG_INFORMATION_FORMAT = dwarf;
				ENABLE_STRICT_OBJC_MSGSEND = YES;
				ENABLE_TESTABILITY = YES;
				GCC_C_LANGUAGE_STANDARD = gnu11;
				GCC_DYNAMIC_NO_PIC = NO;
				GCC_NO_COMMON_BLOCKS = YES;
				GCC_OPTIMIZATION_LEVEL = 0;
				GCC_PREPROCESSOR_DEFINITIONS = (
					"DEBUG=1",
					"$(inherited)",
				);
				GCC_WARN_64_TO_32_BIT_CONVERSION = YES;
				GCC_WARN_ABOUT_RETURN_TYPE = YES_ERROR;
				GCC_WARN_UNDECLARED_SELECTOR = YES;
				GCC_WARN_UNINITIALIZED_AUTOS = YES_AGGRESSIVE;
				GCC_WARN_UNUSED_FUNCTION = YES;
				GCC_WARN_UNUSED_VARIABLE = YES;
				IPHONEOS_DEPLOYMENT_TARGET = 16.0;
				MTL_ENABLE_DEBUG_INFO = INCLUDE_SOURCE;
				MTL_FAST_MATH = YES;
				ONLY_ACTIVE_ARCH = YES;
				SDKROOT = iphoneos;
				SWIFT_ACTIVE_COMPILATION_CONDITIONS = DEBUG;
				SWIFT_OPTIMIZATION_LEVEL = "-Onone";
			};
			name = Debug;
		};
		3304AA002996755500490D64 /* Release */ = {
			isa = XCBuildConfiguration;
			buildSettings = {
				ALWAYS_SEARCH_USER_PATHS = NO;
				CLANG_ANALYZER_NONNULL = YES;
				CLANG_ANALYZER_NUMBER_OBJECT_CONVERSION = YES_AGGRESSIVE;
				CLANG_CXX_LANGUAGE_STANDARD = "gnu++20";
				CLANG_ENABLE_MODULES = YES;
				CLANG_ENABLE_OBJC_ARC = YES;
				CLANG_ENABLE_OBJC_WEAK = YES;
				CLANG_WARN_BLOCK_CAPTURE_AUTORELEASING = YES;
				CLANG_WARN_BOOL_CONVERSION = YES;
				CLANG_WARN_COMMA = YES;
				CLANG_WARN_CONSTANT_CONVERSION = YES;
				CLANG_WARN_DEPRECATED_OBJC_IMPLEMENTATIONS = YES;
				CLANG_WARN_DIRECT_OBJC_ISA_USAGE = YES_ERROR;
				CLANG_WARN_DOCUMENTATION_COMMENTS = YES;
				CLANG_WARN_EMPTY_BODY = YES;
				CLANG_WARN_ENUM_CONVERSION = YES;
				CLANG_WARN_INFINITE_RECURSION = YES;
				CLANG_WARN_INT_CONVERSION = YES;
				CLANG_WARN_NON_LITERAL_NULL_CONVERSION = YES;
				CLANG_WARN_OBJC_IMPLICIT_RETAIN_SELF = YES;
				CLANG_WARN_OBJC_LITERAL_CONVERSION = YES;
				CLANG_WARN_OBJC_ROOT_CLASS = YES_ERROR;
				CLANG_WARN_QUOTED_INCLUDE_IN_FRAMEWORK_HEADER = YES;
				CLANG_WARN_RANGE_LOOP_ANALYSIS = YES;
				CLANG_WARN_STRICT_PROTOTYPES = YES;
				CLANG_WARN_SUSPICIOUS_MOVE = YES;
				CLANG_WARN_UNGUARDED_AVAILABILITY = YES_AGGRESSIVE;
				CLANG_WARN_UNREACHABLE_CODE = YES;
				CLANG_WARN__DUPLICATE_METHOD_MATCH = YES;
				COPY_PHASE_STRIP = NO;
				DEBUG_INFORMATION_FORMAT = "dwarf-with-dsym";
				ENABLE_NS_ASSERTIONS = NO;
				ENABLE_STRICT_OBJC_MSGSEND = YES;
				GCC_C_LANGUAGE_STANDARD = gnu11;
				GCC_NO_COMMON_BLOCKS = YES;
				GCC_WARN_64_TO_32_BIT_CONVERSION = YES;
				GCC_WARN_ABOUT_RETURN_TYPE = YES_ERROR;
				GCC_WARN_UNDECLARED_SELECTOR = YES;
				GCC_WARN_UNINITIALIZED_AUTOS = YES_AGGRESSIVE;
				GCC_WARN_UNUSED_FUNCTION = YES;
				GCC_WARN_UNUSED_VARIABLE = YES;
				IPHONEOS_DEPLOYMENT_TARGET = 16.0;
				MTL_ENABLE_DEBUG_INFO = NO;
				MTL_FAST_MATH = YES;
				SDKROOT = iphoneos;
				SWIFT_COMPILATION_MODE = wholemodule;
				SWIFT_OPTIMIZATION_LEVEL = "-O";
				VALIDATE_PRODUCT = YES;
			};
			name = Release;
		};
		3304AA022996755500490D64 /* Debug */ = {
			isa = XCBuildConfiguration;
			buildSettings = {
				ASSETCATALOG_COMPILER_APPICON_NAME = AppIcon;
				ASSETCATALOG_COMPILER_GLOBAL_ACCENT_COLOR_NAME = AccentColor;
				CODE_SIGN_STYLE = Automatic;
				CURRENT_PROJECT_VERSION = 1;
				GENERATE_INFOPLIST_FILE = YES;
				INFOPLIST_FILE = VeraCaseProject/Info.plist;
				INFOPLIST_KEY_UIApplicationSupportsIndirectInputEvents = YES;
				INFOPLIST_KEY_UILaunchStoryboardName = LaunchScreen;
				INFOPLIST_KEY_UIMainStoryboardFile = Main;
				INFOPLIST_KEY_UISupportedInterfaceOrientations_iPad = "UIInterfaceOrientationPortrait UIInterfaceOrientationPortraitUpsideDown UIInterfaceOrientationLandscapeLeft UIInterfaceOrientationLandscapeRight";
				INFOPLIST_KEY_UISupportedInterfaceOrientations_iPhone = "UIInterfaceOrientationPortrait UIInterfaceOrientationLandscapeLeft UIInterfaceOrientationLandscapeRight";
				LD_RUNPATH_SEARCH_PATHS = (
					"$(inherited)",
					"@executable_path/Frameworks",
				);
				MARKETING_VERSION = 1.0;
				PRODUCT_BUNDLE_IDENTIFIER = bgmunl.VeraCaseProject;
				PRODUCT_NAME = "$(TARGET_NAME)";
				SWIFT_EMIT_LOC_STRINGS = YES;
				SWIFT_VERSION = 5.0;
				TARGETED_DEVICE_FAMILY = "1,2";
			};
			name = Debug;
		};
		3304AA032996755500490D64 /* Release */ = {
			isa = XCBuildConfiguration;
			buildSettings = {
				ASSETCATALOG_COMPILER_APPICON_NAME = AppIcon;
				ASSETCATALOG_COMPILER_GLOBAL_ACCENT_COLOR_NAME = AccentColor;
				CODE_SIGN_STYLE = Automatic;
				CURRENT_PROJECT_VERSION = 1;
				GENERATE_INFOPLIST_FILE = YES;
				INFOPLIST_FILE = VeraCaseProject/Info.plist;
				INFOPLIST_KEY_UIApplicationSupportsIndirectInputEvents = YES;
				INFOPLIST_KEY_UILaunchStoryboardName = LaunchScreen;
				INFOPLIST_KEY_UIMainStoryboardFile = Main;
				INFOPLIST_KEY_UISupportedInterfaceOrientations_iPad = "UIInterfaceOrientationPortrait UIInterfaceOrientationPortraitUpsideDown UIInterfaceOrientationLandscapeLeft UIInterfaceOrientationLandscapeRight";
				INFOPLIST_KEY_UISupportedInterfaceOrientations_iPhone = "UIInterfaceOrientationPortrait UIInterfaceOrientationLandscapeLeft UIInterfaceOrientationLandscapeRight";
				LD_RUNPATH_SEARCH_PATHS = (
					"$(inherited)",
					"@executable_path/Frameworks",
				);
				MARKETING_VERSION = 1.0;
				PRODUCT_BUNDLE_IDENTIFIER = bgmunl.VeraCaseProject;
				PRODUCT_NAME = "$(TARGET_NAME)";
				SWIFT_EMIT_LOC_STRINGS = YES;
				SWIFT_VERSION = 5.0;
				TARGETED_DEVICE_FAMILY = "1,2";
			};
			name = Release;
		};
		3304AA052996755500490D64 /* Debug */ = {
			isa = XCBuildConfiguration;
			buildSettings = {
				ALWAYS_EMBED_SWIFT_STANDARD_LIBRARIES = YES;
				BUNDLE_LOADER = "$(TEST_HOST)";
				CODE_SIGN_STYLE = Automatic;
				CURRENT_PROJECT_VERSION = 1;
				GENERATE_INFOPLIST_FILE = YES;
				IPHONEOS_DEPLOYMENT_TARGET = 16.0;
				MARKETING_VERSION = 1.0;
				PRODUCT_BUNDLE_IDENTIFIER = bgmunl.VeraCaseProjectTests;
				PRODUCT_NAME = "$(TARGET_NAME)";
				SWIFT_EMIT_LOC_STRINGS = NO;
				SWIFT_VERSION = 5.0;
				TARGETED_DEVICE_FAMILY = "1,2";
				TEST_HOST = "$(BUILT_PRODUCTS_DIR)/VeraCaseProject.app/$(BUNDLE_EXECUTABLE_FOLDER_PATH)/VeraCaseProject";
			};
			name = Debug;
		};
		3304AA062996755500490D64 /* Release */ = {
			isa = XCBuildConfiguration;
			buildSettings = {
				ALWAYS_EMBED_SWIFT_STANDARD_LIBRARIES = YES;
				BUNDLE_LOADER = "$(TEST_HOST)";
				CODE_SIGN_STYLE = Automatic;
				CURRENT_PROJECT_VERSION = 1;
				GENERATE_INFOPLIST_FILE = YES;
				IPHONEOS_DEPLOYMENT_TARGET = 16.0;
				MARKETING_VERSION = 1.0;
				PRODUCT_BUNDLE_IDENTIFIER = bgmunl.VeraCaseProjectTests;
				PRODUCT_NAME = "$(TARGET_NAME)";
				SWIFT_EMIT_LOC_STRINGS = NO;
				SWIFT_VERSION = 5.0;
				TARGETED_DEVICE_FAMILY = "1,2";
				TEST_HOST = "$(BUILT_PRODUCTS_DIR)/VeraCaseProject.app/$(BUNDLE_EXECUTABLE_FOLDER_PATH)/VeraCaseProject";
			};
			name = Release;
		};
		3304AA082996755500490D64 /* Debug */ = {
			isa = XCBuildConfiguration;
			buildSettings = {
				ALWAYS_EMBED_SWIFT_STANDARD_LIBRARIES = YES;
				CODE_SIGN_STYLE = Automatic;
				CURRENT_PROJECT_VERSION = 1;
				GENERATE_INFOPLIST_FILE = YES;
				MARKETING_VERSION = 1.0;
				PRODUCT_BUNDLE_IDENTIFIER = bgmunl.VeraCaseProjectUITests;
				PRODUCT_NAME = "$(TARGET_NAME)";
				SWIFT_EMIT_LOC_STRINGS = NO;
				SWIFT_VERSION = 5.0;
				TARGETED_DEVICE_FAMILY = "1,2";
				TEST_TARGET_NAME = VeraCaseProject;
			};
			name = Debug;
		};
		3304AA092996755500490D64 /* Release */ = {
			isa = XCBuildConfiguration;
			buildSettings = {
				ALWAYS_EMBED_SWIFT_STANDARD_LIBRARIES = YES;
				CODE_SIGN_STYLE = Automatic;
				CURRENT_PROJECT_VERSION = 1;
				GENERATE_INFOPLIST_FILE = YES;
				MARKETING_VERSION = 1.0;
				PRODUCT_BUNDLE_IDENTIFIER = bgmunl.VeraCaseProjectUITests;
				PRODUCT_NAME = "$(TARGET_NAME)";
				SWIFT_EMIT_LOC_STRINGS = NO;
				SWIFT_VERSION = 5.0;
				TARGETED_DEVICE_FAMILY = "1,2";
				TEST_TARGET_NAME = VeraCaseProject;
			};
			name = Release;
		};
/* End XCBuildConfiguration section */

/* Begin XCConfigurationList section */
		3304A9CF2996755300490D64 /* Build configuration list for PBXProject "VeraCaseProject" */ = {
			isa = XCConfigurationList;
			buildConfigurations = (
				3304A9FF2996755500490D64 /* Debug */,
				3304AA002996755500490D64 /* Release */,
			);
			defaultConfigurationIsVisible = 0;
			defaultConfigurationName = Release;
		};
		3304AA012996755500490D64 /* Build configuration list for PBXNativeTarget "VeraCaseProject" */ = {
			isa = XCConfigurationList;
			buildConfigurations = (
				3304AA022996755500490D64 /* Debug */,
				3304AA032996755500490D64 /* Release */,
			);
			defaultConfigurationIsVisible = 0;
			defaultConfigurationName = Release;
		};
		3304AA042996755500490D64 /* Build configuration list for PBXNativeTarget "VeraCaseProjectTests" */ = {
			isa = XCConfigurationList;
			buildConfigurations = (
				3304AA052996755500490D64 /* Debug */,
				3304AA062996755500490D64 /* Release */,
			);
			defaultConfigurationIsVisible = 0;
			defaultConfigurationName = Release;
		};
		3304AA072996755500490D64 /* Build configuration list for PBXNativeTarget "VeraCaseProjectUITests" */ = {
			isa = XCConfigurationList;
			buildConfigurations = (
				3304AA082996755500490D64 /* Debug */,
				3304AA092996755500490D64 /* Release */,
			);
			defaultConfigurationIsVisible = 0;
			defaultConfigurationName = Release;
		};
/* End XCConfigurationList section */

/* Begin XCVersionGroup section */
		3304A9E02996755300490D64 /* VeraCaseProject.xcdatamodeld */ = {
			isa = XCVersionGroup;
			children = (
				3304A9E12996755300490D64 /* VeraCaseProject.xcdatamodel */,
			);
			currentVersion = 3304A9E12996755300490D64 /* VeraCaseProject.xcdatamodel */;
			path = VeraCaseProject.xcdatamodeld;
			sourceTree = "<group>";
			versionGroupType = wrapper.xcdatamodel;
		};
/* End XCVersionGroup section */
	};
	rootObject = 3304A9CC2996755300490D64 /* Project object */;
}
